
Microsoft Visual Studio Solution File, Format Version 12.00
# Visual Studio Version 17
VisualStudioVersion = 17.11.35312.102
MinimumVisualStudioVersion = 10.0.40219.1
Project("{FAE04EC0-301F-11D3-BF4B-00C04F79EFBC}") = "cars-api", "cars-api\cars-api.csproj", "{C5BC52FA-B3D0-4382-94D4-2F68EAE75CEE}"
EndProject
Global
	GlobalSection(SolutionConfigurationPlatforms) = preSolution
		Debug|Any CPU = Debug|Any CPU
		Release|Any CPU = Release|Any CPU
	EndGlobalSection
	GlobalSection(ProjectConfigurationPlatforms) = postSolution
		{C5BC52FA-B3D0-4382-94D4-2F68EAE75CEE}.Debug|Any CPU.ActiveCfg = Debug|Any CPU
		{C5BC52FA-B3D0-4382-94D4-2F68EAE75CEE}.Debug|Any CPU.Build.0 = Debug|Any CPU
		{C5BC52FA-B3D0-4382-94D4-2F68EAE75CEE}.Release|Any CPU.ActiveCfg = Release|Any CPU
		{C5BC52FA-B3D0-4382-94D4-2F68EAE75CEE}.Release|Any CPU.Build.0 = Release|Any CPU
	EndGlobalSection
	GlobalSection(SolutionProperties) = preSolution
		HideSolutionNode = FALSE
	EndGlobalSection
	GlobalSection(ExtensibilityGlobals) = postSolution
		SolutionGuid = {B705E23A-7AA8-4E15-A1F4-CFD00AA41AA4}
	EndGlobalSection
EndGlobal
